{
  "_readme": [
    "This file locks the dependencies of your project to a known state",
    "Read more about it at https://getcomposer.org/doc/01-basic-usage.md#installing-dependencies",
    "This file is @generated automatically"
  ],
  "content-hash": "bb3b607bac80afb5d61f251564944c6b",
  "packages": [
    {
      "name": "symfony/polyfill-mbstring",
      "version": "v1.22.0",
      "source": {
        "type": "git",
        "url": "https://github.com/symfony/polyfill-mbstring.git",
        "reference": "f377a3dd1fde44d37b9831d68dc8dea3ffd28e13"
      },
      "dist": {
        "type": "zip",
        "url": "https://api.github.com/repos/symfony/polyfill-mbstring/zipball/f377a3dd1fde44d37b9831d68dc8dea3ffd28e13",
        "reference": "f377a3dd1fde44d37b9831d68dc8dea3ffd28e13",
        "shasum": ""
      },
      "require": {
        "php": ">=7.1"
      },
      "suggest": {
        "ext-mbstring": "For best performance"
      },
      "type": "library",
      "extra": {
        "branch-alias": {
          "dev-main": "1.22-dev"
        },
        "thanks": {
          "name": "symfony/polyfill",
          "url": "https://github.com/symfony/polyfill"
        }
      },
      "autoload": {
        "psr-4": {
          "Symfony\\Polyfill\\Mbstring\\": ""
        },
        "files": ["bootstrap.php"]
      },
      "notification-url": "https://packagist.org/downloads/",
      "license": ["MIT"],
      "authors": [
        {
          "name": "Nicolas Grekas",
          "email": "p@tchwork.com"
        },
        {
          "name": "Symfony Community",
          "homepage": "https://symfony.com/contributors"
        }
      ],
      "description": "Symfony polyfill for the Mbstring extension",
      "homepage": "https://symfony.com",
      "keywords": ["compatibility", "mbstring", "polyfill", "portable", "shim"],
      "support": {
        "source": "https://github.com/symfony/polyfill-mbstring/tree/v1.22.0"
      },
      "funding": [
        {
          "url": "https://symfony.com/sponsor",
          "type": "custom"
        },
        {
          "url": "https://github.com/fabpot",
          "type": "github"
        },
        {
          "url": "https://tidelift.com/funding/github/packagist/symfony/symfony",
          "type": "tidelift"
        }
      ],
      "time": "2021-01-07T16:49:33+00:00"
    },
    {
      "name": "symfony/polyfill-php80",
      "version": "v1.22.0",
      "source": {
        "type": "git",
        "url": "https://github.com/symfony/polyfill-php80.git",
        "reference": "dc3063ba22c2a1fd2f45ed856374d79114998f91"
      },
      "dist": {
        "type": "zip",
        "url": "https://api.github.com/repos/symfony/polyfill-php80/zipball/dc3063ba22c2a1fd2f45ed856374d79114998f91",
        "reference": "dc3063ba22c2a1fd2f45ed856374d79114998f91",
        "shasum": ""
      },
      "require": {
        "php": ">=7.1"
      },
      "type": "library",
      "extra": {
        "branch-alias": {
          "dev-main": "1.22-dev"
        },
        "thanks": {
          "name": "symfony/polyfill",
          "url": "https://github.com/symfony/polyfill"
        }
      },
      "autoload": {
        "psr-4": {
          "Symfony\\Polyfill\\Php80\\": ""
        },
        "files": ["bootstrap.php"],
        "classmap": ["Resources/stubs"]
      },
      "notification-url": "https://packagist.org/downloads/",
      "license": ["MIT"],
      "authors": [
        {
          "name": "Ion Bazan",
          "email": "ion.bazan@gmail.com"
        },
        {
          "name": "Nicolas Grekas",
          "email": "p@tchwork.com"
        },
        {
          "name": "Symfony Community",
          "homepage": "https://symfony.com/contributors"
        }
      ],
      "description": "Symfony polyfill backporting some PHP 8.0+ features to lower PHP versions",
      "homepage": "https://symfony.com",
      "keywords": ["compatibility", "polyfill", "portable", "shim"],
      "support": {
        "source": "https://github.com/symfony/polyfill-php80/tree/v1.22.0"
      },
      "funding": [
        {
          "url": "https://symfony.com/sponsor",
          "type": "custom"
        },
        {
          "url": "https://github.com/fabpot",
          "type": "github"
        },
        {
          "url": "https://tidelift.com/funding/github/packagist/symfony/symfony",
          "type": "tidelift"
        }
      ],
      "time": "2021-01-07T16:49:33+00:00"
    },
    {
      "name": "symfony/var-dumper",
      "version": "v5.2.1",
      "source": {
        "type": "git",
        "url": "https://github.com/symfony/var-dumper.git",
        "reference": "13e7e882eaa55863faa7c4ad7c60f12f1a8b5089"
      },
      "dist": {
        "type": "zip",
        "url": "https://api.github.com/repos/symfony/var-dumper/zipball/13e7e882eaa55863faa7c4ad7c60f12f1a8b5089",
        "reference": "13e7e882eaa55863faa7c4ad7c60f12f1a8b5089",
        "shasum": ""
      },
      "require": {
        "php": ">=7.2.5",
        "symfony/polyfill-mbstring": "~1.0",
        "symfony/polyfill-php80": "^1.15"
      },
      "conflict": {
        "phpunit/phpunit": "<5.4.3",
        "symfony/console": "<4.4"
      },
      "require-dev": {
        "ext-iconv": "*",
        "symfony/console": "^4.4|^5.0",
        "symfony/process": "^4.4|^5.0",
        "twig/twig": "^2.4|^3.0"
      },
      "suggest": {
        "ext-iconv": "To convert non-UTF-8 strings to UTF-8 (or symfony/polyfill-iconv in case ext-iconv cannot be used).",
        "ext-intl": "To show region name in time zone dump",
        "symfony/console": "To use the ServerDumpCommand and/or the bin/var-dump-server script"
      },
      "bin": ["Resources/bin/var-dump-server"],
      "type": "library",
      "autoload": {
        "files": ["Resources/functions/dump.php"],
        "psr-4": {
          "Symfony\\Component\\VarDumper\\": ""
        },
        "exclude-from-classmap": ["/Tests/"]
      },
      "notification-url": "https://packagist.org/downloads/",
      "license": ["MIT"],
      "authors": [
        {
          "name": "Nicolas Grekas",
          "email": "p@tchwork.com"
        },
        {
          "name": "Symfony Community",
          "homepage": "https://symfony.com/contributors"
        }
      ],
      "description": "Symfony mechanism for exploring and dumping PHP variables",
      "homepage": "https://symfony.com",
      "keywords": ["debug", "dump"],
      "support": {
        "source": "https://github.com/symfony/var-dumper/tree/v5.2.1"
      },
      "funding": [
        {
          "url": "https://symfony.com/sponsor",
          "type": "custom"
        },
        {
          "url": "https://github.com/fabpot",
          "type": "github"
        },
        {
          "url": "https://tidelift.com/funding/github/packagist/symfony/symfony",
          "type": "tidelift"
        }
      ],
      "time": "2020-12-16T17:02:19+00:00"
    },
    {
      "name": "tightenco/collect",
      "version": "v8.19.0",
      "source": {
        "type": "git",
        "url": "https://github.com/tighten/collect.git",
        "reference": "0c0243a0dc0b66f54d0ec409f36cd9889665b132"
      },
      "dist": {
        "type": "zip",
        "url": "https://api.github.com/repos/tighten/collect/zipball/0c0243a0dc0b66f54d0ec409f36cd9889665b132",
        "reference": "0c0243a0dc0b66f54d0ec409f36cd9889665b132",
        "shasum": ""
      },
      "require": {
        "php": "^7.2|^8.0",
        "symfony/var-dumper": "^3.4 || ^4.0 || ^5.0"
      },
      "require-dev": {
        "mockery/mockery": "^1.0",
        "nesbot/carbon": "^2.23.0",
        "phpunit/phpunit": "^8.3"
      },
      "type": "library",
      "autoload": {
        "files": [
          "src/Collect/Support/helpers.php",
          "src/Collect/Support/alias.php"
        ],
        "psr-4": {
          "Tightenco\\Collect\\": "src/Collect"
        }
      },
      "notification-url": "https://packagist.org/downloads/",
      "license": ["MIT"],
      "authors": [
        {
          "name": "Taylor Otwell",
          "email": "taylorotwell@gmail.com"
        }
      ],
      "description": "Collect - Illuminate Collections as a separate package.",
      "keywords": ["collection", "laravel"],
      "support": {
        "issues": "https://github.com/tighten/collect/issues",
        "source": "https://github.com/tighten/collect/tree/v8.19.0"
      },
      "time": "2020-12-19T00:06:29+00:00"
    }
  ],
  "packages-dev": [],
  "aliases": [],
  "minimum-stability": "stable",
  "stability-flags": [],
  "prefer-stable": false,
  "prefer-lowest": false,
  "platform": [],
  "platform-dev": [],
  "plugin-api-version": "2.0.0"
}
